
Microsoft Visual Studio Solution File, Format Version 12.00
# Visual Studio Version 17
VisualStudioVersion = 17.7.34024.191
MinimumVisualStudioVersion = 10.0.40219.1
Project("{9A19103F-16F7-4668-BE54-9A1E7A4F7556}") = "SIS22ISP31", "SIS22ISP31\SIS22ISP31.csproj", "{1156FE82-18F2-42DD-B9D0-8CBD65D057F4}"
EndProject
Project("{9A19103F-16F7-4668-BE54-9A1E7A4F7556}") = "Lesson2", "Lesson3\Lesson2.csproj", "{87A4ADE4-3A87-4CDF-9535-A1748D6CF331}"
EndProject
Project("{9A19103F-16F7-4668-BE54-9A1E7A4F7556}") = "Lesson4", "Lesson4\Lesson4.csproj", "{25224C4A-33E5-4608-B619-41221ECA52D4}"
EndProject
Project("{9A19103F-16F7-4668-BE54-9A1E7A4F7556}") = "Lab1", "Lab1\Lab1.csproj", "{7A269A92-E8B2-4216-896A-84A101553F7D}"
EndProject
Project("{9A19103F-16F7-4668-BE54-9A1E7A4F7556}") = "Lesson5", "Lesson5\Lesson5.csproj", "{5C4822A8-CCF8-4062-B169-B2D7BCA45484}"
EndProject
Project("{9A19103F-16F7-4668-BE54-9A1E7A4F7556}") = "Lesson7", "Lesson7\Lesson7.csproj", "{6C367DA1-4E7D-456C-9356-5E80BE466BF3}"
EndProject
Project("{9A19103F-16F7-4668-BE54-9A1E7A4F7556}") = "WPFforParallel", "WPFforParallel\WPFforParallel.csproj", "{9D41F373-A0CE-4291-9BC3-CFE7A70462C7}"
EndProject
Project("{9A19103F-16F7-4668-BE54-9A1E7A4F7556}") = "Lesson11", "Lesson11\Lesson11.csproj", "{C8C67972-9A8A-48F6-889F-4DEC3191502E}"
EndProject
Project("{9A19103F-16F7-4668-BE54-9A1E7A4F7556}") = "Lesson12", "Lesson12\Lesson12.csproj", "{6EB5587A-9000-42B4-89B7-39A707C1AB5C}"
EndProject
Project("{9A19103F-16F7-4668-BE54-9A1E7A4F7556}") = "Lesson13", "Lesson13\Lesson13.csproj", "{504562B4-81CB-46A2-8DFE-3A50F3C65627}"
EndProject
Project("{9A19103F-16F7-4668-BE54-9A1E7A4F7556}") = "Lesson14", "Lesson14\Lesson14.csproj", "{C0F47CF9-C7FE-4ECF-A6C1-824E0CB2E517}"
EndProject
Project("{9A19103F-16F7-4668-BE54-9A1E7A4F7556}") = "Lesson15", "Lesson15\Lesson15.csproj", "{6B1434DC-68FE-42E8-8478-EEE1C1537288}"
EndProject
Project("{9A19103F-16F7-4668-BE54-9A1E7A4F7556}") = "Lesson16", "Lesson16\Lesson16.csproj", "{B996666A-229B-430F-9F18-382CEE0BC074}"
EndProject
Project("{9A19103F-16F7-4668-BE54-9A1E7A4F7556}") = "Lab2", "Lab2\Lab2.csproj", "{3A5D95DA-E4C7-4798-8BDD-CA05DFDA947A}"
EndProject
Project("{9A19103F-16F7-4668-BE54-9A1E7A4F7556}") = "WebApiWithOutDB", "WebApiWithOutDB\WebApiWithOutDB.csproj", "{A7B51716-E507-41B7-B4A5-3625F93AC3AF}"
EndProject
Project("{9A19103F-16F7-4668-BE54-9A1E7A4F7556}") = "WebApiWithDB", "WebApiWithDB\WebApiWithDB.csproj", "{F897D5DC-AF0D-4A36-87B1-3596690504C4}"
EndProject
Project("{9A19103F-16F7-4668-BE54-9A1E7A4F7556}") = "Lab3", "Lab3\Lab3.csproj", "{41A160B2-98F1-4EB4-9B36-43902DE6B667}"
EndProject
Project("{9A19103F-16F7-4668-BE54-9A1E7A4F7556}") = "Lab4", "Lab4\Lab4.csproj", "{DCBC9C16-96D2-4DAF-8B45-D761FB3F0434}"
EndProject
Project("{9A19103F-16F7-4668-BE54-9A1E7A4F7556}") = "Lesson8", "Lab8\Lesson8.csproj", "{FCC9E107-2A1F-403A-A310-BB9DCC12EF81}"
EndProject
Project("{9A19103F-16F7-4668-BE54-9A1E7A4F7556}") = "PartyInvites", "PartyInvites\PartyInvites\PartyInvites.csproj", "{74F2A2B0-67FF-4F80-9B1E-7163AC1965C5}"
EndProject
Global
	GlobalSection(SolutionConfigurationPlatforms) = preSolution
		Debug|Any CPU = Debug|Any CPU
		Release|Any CPU = Release|Any CPU
	EndGlobalSection
	GlobalSection(ProjectConfigurationPlatforms) = postSolution
		{1156FE82-18F2-42DD-B9D0-8CBD65D057F4}.Debug|Any CPU.ActiveCfg = Debug|Any CPU
		{1156FE82-18F2-42DD-B9D0-8CBD65D057F4}.Debug|Any CPU.Build.0 = Debug|Any CPU
		{1156FE82-18F2-42DD-B9D0-8CBD65D057F4}.Release|Any CPU.ActiveCfg = Release|Any CPU
		{1156FE82-18F2-42DD-B9D0-8CBD65D057F4}.Release|Any CPU.Build.0 = Release|Any CPU
		{87A4ADE4-3A87-4CDF-9535-A1748D6CF331}.Debug|Any CPU.ActiveCfg = Debug|Any CPU
		{87A4ADE4-3A87-4CDF-9535-A1748D6CF331}.Debug|Any CPU.Build.0 = Debug|Any CPU
		{87A4ADE4-3A87-4CDF-9535-A1748D6CF331}.Release|Any CPU.ActiveCfg = Release|Any CPU
		{87A4ADE4-3A87-4CDF-9535-A1748D6CF331}.Release|Any CPU.Build.0 = Release|Any CPU
		{25224C4A-33E5-4608-B619-41221ECA52D4}.Debug|Any CPU.ActiveCfg = Debug|Any CPU
		{25224C4A-33E5-4608-B619-41221ECA52D4}.Debug|Any CPU.Build.0 = Debug|Any CPU
		{25224C4A-33E5-4608-B619-41221ECA52D4}.Release|Any CPU.ActiveCfg = Release|Any CPU
		{25224C4A-33E5-4608-B619-41221ECA52D4}.Release|Any CPU.Build.0 = Release|Any CPU
		{7A269A92-E8B2-4216-896A-84A101553F7D}.Debug|Any CPU.ActiveCfg = Debug|Any CPU
		{7A269A92-E8B2-4216-896A-84A101553F7D}.Debug|Any CPU.Build.0 = Debug|Any CPU
		{7A269A92-E8B2-4216-896A-84A101553F7D}.Release|Any CPU.ActiveCfg = Release|Any CPU
		{7A269A92-E8B2-4216-896A-84A101553F7D}.Release|Any CPU.Build.0 = Release|Any CPU
		{5C4822A8-CCF8-4062-B169-B2D7BCA45484}.Debug|Any CPU.ActiveCfg = Debug|Any CPU
		{5C4822A8-CCF8-4062-B169-B2D7BCA45484}.Debug|Any CPU.Build.0 = Debug|Any CPU
		{5C4822A8-CCF8-4062-B169-B2D7BCA45484}.Release|Any CPU.ActiveCfg = Release|Any CPU
		{5C4822A8-CCF8-4062-B169-B2D7BCA45484}.Release|Any CPU.Build.0 = Release|Any CPU
		{6C367DA1-4E7D-456C-9356-5E80BE466BF3}.Debug|Any CPU.ActiveCfg = Debug|Any CPU
		{6C367DA1-4E7D-456C-9356-5E80BE466BF3}.Debug|Any CPU.Build.0 = Debug|Any CPU
		{6C367DA1-4E7D-456C-9356-5E80BE466BF3}.Release|Any CPU.ActiveCfg = Release|Any CPU
		{6C367DA1-4E7D-456C-9356-5E80BE466BF3}.Release|Any CPU.Build.0 = Release|Any CPU
		{9D41F373-A0CE-4291-9BC3-CFE7A70462C7}.Debug|Any CPU.ActiveCfg = Debug|Any CPU
		{9D41F373-A0CE-4291-9BC3-CFE7A70462C7}.Debug|Any CPU.Build.0 = Debug|Any CPU
		{9D41F373-A0CE-4291-9BC3-CFE7A70462C7}.Release|Any CPU.ActiveCfg = Release|Any CPU
		{9D41F373-A0CE-4291-9BC3-CFE7A70462C7}.Release|Any CPU.Build.0 = Release|Any CPU
		{C8C67972-9A8A-48F6-889F-4DEC3191502E}.Debug|Any CPU.ActiveCfg = Debug|Any CPU
		{C8C67972-9A8A-48F6-889F-4DEC3191502E}.Debug|Any CPU.Build.0 = Debug|Any CPU
		{C8C67972-9A8A-48F6-889F-4DEC3191502E}.Release|Any CPU.ActiveCfg = Release|Any CPU
		{C8C67972-9A8A-48F6-889F-4DEC3191502E}.Release|Any CPU.Build.0 = Release|Any CPU
		{6EB5587A-9000-42B4-89B7-39A707C1AB5C}.Debug|Any CPU.ActiveCfg = Debug|Any CPU
		{6EB5587A-9000-42B4-89B7-39A707C1AB5C}.Debug|Any CPU.Build.0 = Debug|Any CPU
		{6EB5587A-9000-42B4-89B7-39A707C1AB5C}.Release|Any CPU.ActiveCfg = Release|Any CPU
		{6EB5587A-9000-42B4-89B7-39A707C1AB5C}.Release|Any CPU.Build.0 = Release|Any CPU
		{504562B4-81CB-46A2-8DFE-3A50F3C65627}.Debug|Any CPU.ActiveCfg = Debug|Any CPU
		{504562B4-81CB-46A2-8DFE-3A50F3C65627}.Debug|Any CPU.Build.0 = Debug|Any CPU
		{504562B4-81CB-46A2-8DFE-3A50F3C65627}.Release|Any CPU.ActiveCfg = Release|Any CPU
		{504562B4-81CB-46A2-8DFE-3A50F3C65627}.Release|Any CPU.Build.0 = Release|Any CPU
		{C0F47CF9-C7FE-4ECF-A6C1-824E0CB2E517}.Debug|Any CPU.ActiveCfg = Debug|Any CPU
		{C0F47CF9-C7FE-4ECF-A6C1-824E0CB2E517}.Debug|Any CPU.Build.0 = Debug|Any CPU
		{C0F47CF9-C7FE-4ECF-A6C1-824E0CB2E517}.Release|Any CPU.ActiveCfg = Release|Any CPU
		{C0F47CF9-C7FE-4ECF-A6C1-824E0CB2E517}.Release|Any CPU.Build.0 = Release|Any CPU
		{6B1434DC-68FE-42E8-8478-EEE1C1537288}.Debug|Any CPU.ActiveCfg = Debug|Any CPU
		{6B1434DC-68FE-42E8-8478-EEE1C1537288}.Debug|Any CPU.Build.0 = Debug|Any CPU
		{6B1434DC-68FE-42E8-8478-EEE1C1537288}.Release|Any CPU.ActiveCfg = Release|Any CPU
		{6B1434DC-68FE-42E8-8478-EEE1C1537288}.Release|Any CPU.Build.0 = Release|Any CPU
		{B996666A-229B-430F-9F18-382CEE0BC074}.Debug|Any CPU.ActiveCfg = Debug|Any CPU
		{B996666A-229B-430F-9F18-382CEE0BC074}.Debug|Any CPU.Build.0 = Debug|Any CPU
		{B996666A-229B-430F-9F18-382CEE0BC074}.Release|Any CPU.ActiveCfg = Release|Any CPU
		{B996666A-229B-430F-9F18-382CEE0BC074}.Release|Any CPU.Build.0 = Release|Any CPU
		{3A5D95DA-E4C7-4798-8BDD-CA05DFDA947A}.Debug|Any CPU.ActiveCfg = Debug|Any CPU
		{3A5D95DA-E4C7-4798-8BDD-CA05DFDA947A}.Debug|Any CPU.Build.0 = Debug|Any CPU
		{3A5D95DA-E4C7-4798-8BDD-CA05DFDA947A}.Release|Any CPU.ActiveCfg = Release|Any CPU
		{3A5D95DA-E4C7-4798-8BDD-CA05DFDA947A}.Release|Any CPU.Build.0 = Release|Any CPU
		{A7B51716-E507-41B7-B4A5-3625F93AC3AF}.Debug|Any CPU.ActiveCfg = Debug|Any CPU
		{A7B51716-E507-41B7-B4A5-3625F93AC3AF}.Debug|Any CPU.Build.0 = Debug|Any CPU
		{A7B51716-E507-41B7-B4A5-3625F93AC3AF}.Release|Any CPU.ActiveCfg = Release|Any CPU
		{A7B51716-E507-41B7-B4A5-3625F93AC3AF}.Release|Any CPU.Build.0 = Release|Any CPU
		{F897D5DC-AF0D-4A36-87B1-3596690504C4}.Debug|Any CPU.ActiveCfg = Debug|Any CPU
		{F897D5DC-AF0D-4A36-87B1-3596690504C4}.Debug|Any CPU.Build.0 = Debug|Any CPU
		{F897D5DC-AF0D-4A36-87B1-3596690504C4}.Release|Any CPU.ActiveCfg = Release|Any CPU
		{F897D5DC-AF0D-4A36-87B1-3596690504C4}.Release|Any CPU.Build.0 = Release|Any CPU
		{41A160B2-98F1-4EB4-9B36-43902DE6B667}.Debug|Any CPU.ActiveCfg = Debug|Any CPU
		{41A160B2-98F1-4EB4-9B36-43902DE6B667}.Debug|Any CPU.Build.0 = Debug|Any CPU
		{41A160B2-98F1-4EB4-9B36-43902DE6B667}.Release|Any CPU.ActiveCfg = Release|Any CPU
		{41A160B2-98F1-4EB4-9B36-43902DE6B667}.Release|Any CPU.Build.0 = Release|Any CPU
		{DCBC9C16-96D2-4DAF-8B45-D761FB3F0434}.Debug|Any CPU.ActiveCfg = Debug|Any CPU
		{DCBC9C16-96D2-4DAF-8B45-D761FB3F0434}.Debug|Any CPU.Build.0 = Debug|Any CPU
		{DCBC9C16-96D2-4DAF-8B45-D761FB3F0434}.Release|Any CPU.ActiveCfg = Release|Any CPU
		{DCBC9C16-96D2-4DAF-8B45-D761FB3F0434}.Release|Any CPU.Build.0 = Release|Any CPU
		{FCC9E107-2A1F-403A-A310-BB9DCC12EF81}.Debug|Any CPU.ActiveCfg = Debug|Any CPU
		{FCC9E107-2A1F-403A-A310-BB9DCC12EF81}.Debug|Any CPU.Build.0 = Debug|Any CPU
		{FCC9E107-2A1F-403A-A310-BB9DCC12EF81}.Release|Any CPU.ActiveCfg = Release|Any CPU
		{FCC9E107-2A1F-403A-A310-BB9DCC12EF81}.Release|Any CPU.Build.0 = Release|Any CPU
		{74F2A2B0-67FF-4F80-9B1E-7163AC1965C5}.Debug|Any CPU.ActiveCfg = Debug|Any CPU
		{74F2A2B0-67FF-4F80-9B1E-7163AC1965C5}.Debug|Any CPU.Build.0 = Debug|Any CPU
		{74F2A2B0-67FF-4F80-9B1E-7163AC1965C5}.Release|Any CPU.ActiveCfg = Release|Any CPU
		{74F2A2B0-67FF-4F80-9B1E-7163AC1965C5}.Release|Any CPU.Build.0 = Release|Any CPU
	EndGlobalSection
	GlobalSection(SolutionProperties) = preSolution
		HideSolutionNode = FALSE
	EndGlobalSection
	GlobalSection(ExtensibilityGlobals) = postSolution
		SolutionGuid = {828044FF-ED24-4963-82F5-D23E38643BDE}
	EndGlobalSection
EndGlobal
